// !$*UTF8*$!
{
	archiveVersion = 1;
	classes = {
	};
	objectVersion = 77;
	objects = {

/* Begin PBXBuildFile section */
		0C687A457A49CC64C9E3B0BF /* TestAppApp.swift in Sources */ = {isa = PBXBuildFile; fileRef = D61781265B35C4CAD0DA85CE /* TestAppApp.swift */; };
		0E1CDBADEDBE081A1F004BD0 /* Models.swift in Sources */ = {isa = PBXBuildFile; fileRef = F3096310996ECFB058032AD5 /* Models.swift */; };
		2E3350480F361D05CA6E856C /* LoginView.swift in Sources */ = {isa = PBXBuildFile; fileRef = DE7338B38822AFA432C08A62 /* LoginView.swift */; };
		41AE6A11931E43785D292C08 /* DailyExpensesView.swift in Sources */ = {isa = PBXBuildFile; fileRef = DB65DDBC20139F8A5C0EF4D5 /* DailyExpensesView.swift */; };
		429D5A42DF0C988AD63B290E /* update.sample in Resources */ = {isa = PBXBuildFile; fileRef = 6C6F39EA3763C1A9B45356FA /* update.sample */; };
		437C089250855A48D0687E36 /* Components.swift in Sources */ = {isa = PBXBuildFile; fileRef = 6BE16F9922047491D3A4A9F9 /* Components.swift */; };
		43C33C0F90103F47C24F4368 /* settings.local.json in Resources */ = {isa = PBXBuildFile; fileRef = 6E35B6613434FD97A80E8B37 /* settings.local.json */; };
		58917D0588DBAB023C025D04 /* prepare-commit-msg.sample in Resources */ = {isa = PBXBuildFile; fileRef = EEA1305126B750AF10B006F5 /* prepare-commit-msg.sample */; };
		5C9662C7FACC283C441DA478 /* push-to-checkout.sample in Resources */ = {isa = PBXBuildFile; fileRef = 617F9346B63357F8B3284733 /* push-to-checkout.sample */; };
		6878CB72F1240F2F9B75698B /* PlaceholderViews.swift in Sources */ = {isa = PBXBuildFile; fileRef = E658EB8138489552BE03E33E /* PlaceholderViews.swift */; };
		68FFA261754619B9D23B50B9 /* FixedPaymentsView.swift in Sources */ = {isa = PBXBuildFile; fileRef = A52C676B710D9A33B0609597 /* FixedPaymentsView.swift */; };
		6BC9DBCAC2608637D40D5CA4 /* pre-receive.sample in Resources */ = {isa = PBXBuildFile; fileRef = 4D67E0316AAB00DE475AEDDC /* pre-receive.sample */; };
		713EA5D49C31185CE6B9CB28 /* commit-msg.sample in Resources */ = {isa = PBXBuildFile; fileRef = D9474EC79D4622FEA9483975 /* commit-msg.sample */; };
		7148791C3BE2C6116F93227D /* pre-push.sample in Resources */ = {isa = PBXBuildFile; fileRef = B6EF61DE248675EF7E2C0A05 /* pre-push.sample */; };
		7AB19CB2B4ADB23E072DC2C0 /* pre-commit.sample in Resources */ = {isa = PBXBuildFile; fileRef = 1C97D3083BDF0A7AD55549E8 /* pre-commit.sample */; };
		A54535B8EE5F87D43A4D19C5 /* Assets.xcassets in Resources */ = {isa = PBXBuildFile; fileRef = 4BABA0E1CEAC9E97DE76EDA0 /* Assets.xcassets */; };
		A937D245EF629962365E3F8C /* SampleData.swift in Sources */ = {isa = PBXBuildFile; fileRef = 9944303CB71F20D7D11EDE10 /* SampleData.swift */; };
		A985722680CE898421F2D88C /* fsmonitor-watchman.sample in Resources */ = {isa = PBXBuildFile; fileRef = B779D7C832A41313668B05A0 /* fsmonitor-watchman.sample */; };
		B24D88B20552005C99F73FE2 /* applypatch-msg.sample in Resources */ = {isa = PBXBuildFile; fileRef = B6C05206D1F81F103E349688 /* applypatch-msg.sample */; };
		B981450187912D8A635719E7 /* ContentView.swift in Sources */ = {isa = PBXBuildFile; fileRef = 524F14CEADEDE7C925E2C217 /* ContentView.swift */; };
		BCEF7D9C588FEA824A839D1C /* pre-merge-commit.sample in Resources */ = {isa = PBXBuildFile; fileRef = CE9A3E81A9E7C32C0355EFB4 /* pre-merge-commit.sample */; };
		C81CC17A3E1348D819255AAB /* Category.swift in Sources */ = {isa = PBXBuildFile; fileRef = 1E371107FAEC8CA981F4B6FF /* Category.swift */; };
		D26E11E0AEE0FDF7F84F7AC0 /* pre-applypatch.sample in Resources */ = {isa = PBXBuildFile; fileRef = 7227DE6CC8F43A127E9B4BF8 /* pre-applypatch.sample */; };
		D91F411CB612D3169299109C /* pre-rebase.sample in Resources */ = {isa = PBXBuildFile; fileRef = 5A5EEEB0E2A5F03B454193C1 /* pre-rebase.sample */; };
		E451352A34D3A0E005F78A9B /* post-update.sample in Resources */ = {isa = PBXBuildFile; fileRef = 75E2152B50BE1A2EE540D9F2 /* post-update.sample */; };
		E61FE1B94810F35C63B5E6B8 /* SpeechRecognizer.swift in Sources */ = {isa = PBXBuildFile; fileRef = 642C89144AD64B2E4943E6C8 /* SpeechRecognizer.swift */; };
		F4B73EA20C3D3DD91EB8702C /* SummaryView.swift in Sources */ = {isa = PBXBuildFile; fileRef = 5B675C248AD7ACC93ACF26F6 /* SummaryView.swift */; };
/* End PBXBuildFile section */

/* Begin PBXFileReference section */
		00B6A0F34728878773B46AE2 /* 4a0934ea389c57b6776a29f15ee17af77915d8 */ = {isa = PBXFileReference; path = 4a0934ea389c57b6776a29f15ee17af77915d8; sourceTree = "<group>"; };
		016723AC4A77F36E2C7CFC29 /* 0b168d2f870b765a7df08b218e37b778a39871 */ = {isa = PBXFileReference; path = 0b168d2f870b765a7df08b218e37b778a39871; sourceTree = "<group>"; };
		03F5487123BD047CF6C01622 /* 3b2f1f960d49acad84008446409142d5db1898 */ = {isa = PBXFileReference; path = 3b2f1f960d49acad84008446409142d5db1898; sourceTree = "<group>"; };
		06239BCCD8795301C7BCFD29 /* 4cbd873b42bdac22e401213fec0e9f99d260c5 */ = {isa = PBXFileReference; path = 4cbd873b42bdac22e401213fec0e9f99d260c5; sourceTree = "<group>"; };
		069C4FD25B69F32C432336F0 /* HEAD */ = {isa = PBXFileReference; path = HEAD; sourceTree = "<group>"; };
		098D59F8F4F5193DF2D9E092 /* 76c51f0e4351149e0aecd4260f125253be5b75 */ = {isa = PBXFileReference; path = 76c51f0e4351149e0aecd4260f125253be5b75; sourceTree = "<group>"; };
		0D38645A8BD998D541D5D311 /* b4d5ae702d6f36dc21d694ea71e551b76a083c */ = {isa = PBXFileReference; path = b4d5ae702d6f36dc21d694ea71e551b76a083c; sourceTree = "<group>"; };
		0D9588F9759ACB64592C1687 /* 6e6fdff778794d7f61f4458743993936eba132 */ = {isa = PBXFileReference; path = 6e6fdff778794d7f61f4458743993936eba132; sourceTree = "<group>"; };
		0E02B9904532FE7F0CBD44F5 /* 8429ac9c71e3d53f9c6f9eba247af99a366a3d */ = {isa = PBXFileReference; path = 8429ac9c71e3d53f9c6f9eba247af99a366a3d; sourceTree = "<group>"; };
		0E95578733FE97C01DC0E2E7 /* 8ac55e0c813f6d3bb0eab88a53600026458f0b */ = {isa = PBXFileReference; path = 8ac55e0c813f6d3bb0eab88a53600026458f0b; sourceTree = "<group>"; };
		0EAF1FAFD70C77A673EBCFF2 /* 2ac9277e3e933c47ebf3c1938eea29f8bc4f8d */ = {isa = PBXFileReference; path = 2ac9277e3e933c47ebf3c1938eea29f8bc4f8d; sourceTree = "<group>"; };
		11A23EFB33A7F5A9A38284C8 /* 3dff36488f9945b97771267d3a7f9bbfc94da5 */ = {isa = PBXFileReference; path = 3dff36488f9945b97771267d3a7f9bbfc94da5; sourceTree = "<group>"; };
		151AEF16B998AE6433BC987C /* 290eba64a68ebc7011a9742e5e5b7b8a2be695 */ = {isa = PBXFileReference; path = 290eba64a68ebc7011a9742e5e5b7b8a2be695; sourceTree = "<group>"; };
		1548E0DD578B8638C8171F18 /* COMMIT_EDITMSG */ = {isa = PBXFileReference; path = COMMIT_EDITMSG; sourceTree = "<group>"; };
		15586F132B4768A7C3EB005C /* 640f9def57493d96d81e3204bbc3ba5d3a0f26 */ = {isa = PBXFileReference; path = 640f9def57493d96d81e3204bbc3ba5d3a0f26; sourceTree = "<group>"; };
		16A740538C1CB24212821ABF /* e6f9b6e47ae5c58989ed9ff720051de5dcb5f7 */ = {isa = PBXFileReference; path = e6f9b6e47ae5c58989ed9ff720051de5dcb5f7; sourceTree = "<group>"; };
		19060B02EA902EA4824D9D61 /* 3ccec50615d2f9b1b1454a884728d084e08da5 */ = {isa = PBXFileReference; path = 3ccec50615d2f9b1b1454a884728d084e08da5; sourceTree = "<group>"; };
		1C97D3083BDF0A7AD55549E8 /* pre-commit.sample */ = {isa = PBXFileReference; path = "pre-commit.sample"; sourceTree = "<group>"; };
		1D19376910540B8FF63A05A7 /* 46981f14013dbf40ac9ce3add0283838d9dd37 */ = {isa = PBXFileReference; path = 46981f14013dbf40ac9ce3add0283838d9dd37; sourceTree = "<group>"; };
		1DDC65507ECFE4678DE4F305 /* 35a092257eeef29e0abf27742a03aca10892f7 */ = {isa = PBXFileReference; path = 35a092257eeef29e0abf27742a03aca10892f7; sourceTree = "<group>"; };
		1E371107FAEC8CA981F4B6FF /* Category.swift */ = {isa = PBXFileReference; lastKnownFileType = sourcecode.swift; path = Category.swift; sourceTree = "<group>"; };
		2007C9B601A90FA442B7F13B /* 0ef256a6aa12a483bac12ee4d4f6e0422fe678 */ = {isa = PBXFileReference; path = 0ef256a6aa12a483bac12ee4d4f6e0422fe678; sourceTree = "<group>"; };
		23F359DF21D6D531360D0886 /* a142191c6b72e9b5a5bff325e9cf1d7d6ed5fd */ = {isa = PBXFileReference; path = a142191c6b72e9b5a5bff325e9cf1d7d6ed5fd; sourceTree = "<group>"; };
		246DC4CD3FA60DFDA45B7132 /* TestApp.app */ = {isa = PBXFileReference; includeInIndex = 0; lastKnownFileType = wrapper.application; path = TestApp.app; sourceTree = BUILT_PRODUCTS_DIR; };
		25F12D28744A3BCC0AC691B1 /* ca15824eaff1ea97835fdff0d4947440d0b301 */ = {isa = PBXFileReference; path = ca15824eaff1ea97835fdff0d4947440d0b301; sourceTree = "<group>"; };
		26CC51296EDCC57B8FD68233 /* 20712caa86b53d356048db68ed49c454c26e3b */ = {isa = PBXFileReference; path = 20712caa86b53d356048db68ed49c454c26e3b; sourceTree = "<group>"; };
		292EB174B02627417F5D6012 /* 820832848d9364d1380e17d3f3026a35e0a2e4 */ = {isa = PBXFileReference; path = 820832848d9364d1380e17d3f3026a35e0a2e4; sourceTree = "<group>"; };
		29E451371448397DD1C3B6A3 /* 98c16f519e1d172f50401933edb6ab73927109 */ = {isa = PBXFileReference; path = 98c16f519e1d172f50401933edb6ab73927109; sourceTree = "<group>"; };
		2B8DD5E46B03F024226C7E4A /* db02a7a3bae01246367a171e93afd0b715075b */ = {isa = PBXFileReference; path = db02a7a3bae01246367a171e93afd0b715075b; sourceTree = "<group>"; };
		2D98E047BCA927B0F864AB2C /* main */ = {isa = PBXFileReference; path = main; sourceTree = "<group>"; };
		2DE1B82B57E92FD0E7ACC4FC /* 5038a6326e2be19f4d07ad7c9a12710fe997ef */ = {isa = PBXFileReference; path = 5038a6326e2be19f4d07ad7c9a12710fe997ef; sourceTree = "<group>"; };
		315A4D9D5B7C3EAFBB6CF246 /* 5883960b8442bafa49c0ffa039536459e7c6a9 */ = {isa = PBXFileReference; path = 5883960b8442bafa49c0ffa039536459e7c6a9; sourceTree = "<group>"; };
		330048C5A1CD6F5D52FB79ED /* 874dd565ada5161da14c95a14861ad9dffd661 */ = {isa = PBXFileReference; path = 874dd565ada5161da14c95a14861ad9dffd661; sourceTree = "<group>"; };
		333384C68FCD5255A884A229 /* main */ = {isa = PBXFileReference; path = main; sourceTree = "<group>"; };
		354784C08F7436A057CA5037 /* e4ac2a075a35be59f6a3f46e5681abad0dc185 */ = {isa = PBXFileReference; path = e4ac2a075a35be59f6a3f46e5681abad0dc185; sourceTree = "<group>"; };
		35E55C0F843E3C76314E7B7E /* af75d9ded278e3a5e5cf3db2384c89bae45dcd */ = {isa = PBXFileReference; path = af75d9ded278e3a5e5cf3db2384c89bae45dcd; sourceTree = "<group>"; };
		364F376759DA993E2D68F154 /* 27895f1c02e490dcdcd43bb995ab5bc27076b3 */ = {isa = PBXFileReference; path = 27895f1c02e490dcdcd43bb995ab5bc27076b3; sourceTree = "<group>"; };
		397F8FF19E9AD68972FAA72F /* 9b56d7e2ab99910fc042dddc989d808fe490bc */ = {isa = PBXFileReference; path = 9b56d7e2ab99910fc042dddc989d808fe490bc; sourceTree = "<group>"; };
		39D3882DA172FA02A32BE4C3 /* 4e66167f7aee9993a58d4049d070531bd0c4f3 */ = {isa = PBXFileReference; path = 4e66167f7aee9993a58d4049d070531bd0c4f3; sourceTree = "<group>"; };
		3A8B4611A2D4E6E047EF7AB8 /* abab55d985a673ef61081c5e5eed82ea9c9fee */ = {isa = PBXFileReference; path = abab55d985a673ef61081c5e5eed82ea9c9fee; sourceTree = "<group>"; };
		3CAA6A685F29E8307AA52892 /* b16100fa5a49e0ef0b43a429132200e5ca68ee */ = {isa = PBXFileReference; path = b16100fa5a49e0ef0b43a429132200e5ca68ee; sourceTree = "<group>"; };
		3F2C657679B690D382E9A859 /* 1d6dbfc6b18572ad53c59fd41e7e8ca42a1a76 */ = {isa = PBXFileReference; path = 1d6dbfc6b18572ad53c59fd41e7e8ca42a1a76; sourceTree = "<group>"; };
		42FA17F19981050BED3294B9 /* 4eff5ba08f0620890a8e340d536b8647203bc1 */ = {isa = PBXFileReference; path = 4eff5ba08f0620890a8e340d536b8647203bc1; sourceTree = "<group>"; };
		43D45EBB461E92966179A1EF /* 9c811ab698c127b268e208049c641d15ed613e */ = {isa = PBXFileReference; path = 9c811ab698c127b268e208049c641d15ed613e; sourceTree = "<group>"; };
		441877958835C2F832DE3522 /* 25bbfbf1600bdb6ce14b6d9a8783e4ba0f05de */ = {isa = PBXFileReference; path = 25bbfbf1600bdb6ce14b6d9a8783e4ba0f05de; sourceTree = "<group>"; };
		453F72F63BCD181847F9E921 /* 99f06a02e56fb788bde79d85e63d09a0147493 */ = {isa = PBXFileReference; path = 99f06a02e56fb788bde79d85e63d09a0147493; sourceTree = "<group>"; };
		45B18B18E9BD30D771A0CC48 /* a4f38147b758af7516f19fb1fc593acc98f0f1 */ = {isa = PBXFileReference; path = a4f38147b758af7516f19fb1fc593acc98f0f1; sourceTree = "<group>"; };
		48CA31AEEF45537C6C48C8AC /* 55ee6bfe12385d1998950e0bdd3e56f5d73c4a */ = {isa = PBXFileReference; path = 55ee6bfe12385d1998950e0bdd3e56f5d73c4a; sourceTree = "<group>"; };
		4939B8CC875F61021F709E2B /* 218987e30711f9d96ab9812a7a1af3b739f607 */ = {isa = PBXFileReference; path = 218987e30711f9d96ab9812a7a1af3b739f607; sourceTree = "<group>"; };
		4A62C5D245F09B15B592ACDE /* 045070c17b4d5f5c488e97f6d843fba884abf2 */ = {isa = PBXFileReference; path = 045070c17b4d5f5c488e97f6d843fba884abf2; sourceTree = "<group>"; };
		4A7A12E62ACD96963C5B98B1 /* f953a5faf95a5a6cac2bbebab42a2180835879 */ = {isa = PBXFileReference; path = f953a5faf95a5a6cac2bbebab42a2180835879; sourceTree = "<group>"; };
		4AE142F46334C4B6166F7826 /* AUTO_MERGE */ = {isa = PBXFileReference; path = AUTO_MERGE; sourceTree = "<group>"; };
		4B9E82E1CD87F316427258BD /* b5b79d585c902a465a916c87f98ca9fd0b4d0c */ = {isa = PBXFileReference; path = b5b79d585c902a465a916c87f98ca9fd0b4d0c; sourceTree = "<group>"; };
		4BABA0E1CEAC9E97DE76EDA0 /* Assets.xcassets */ = {isa = PBXFileReference; lastKnownFileType = folder.assetcatalog; path = Assets.xcassets; sourceTree = "<group>"; };
		4BB6ED6F25010773C301B171 /* 4a8da19ff6f04158032df510e59ddfe8eb0461 */ = {isa = PBXFileReference; path = 4a8da19ff6f04158032df510e59ddfe8eb0461; sourceTree = "<group>"; };
		4D67E0316AAB00DE475AEDDC /* pre-receive.sample */ = {isa = PBXFileReference; path = "pre-receive.sample"; sourceTree = "<group>"; };
		500ABFA59B8130631269CD66 /* 9578543ba635d5b43948037a5b421f6dba3578 */ = {isa = PBXFileReference; path = 9578543ba635d5b43948037a5b421f6dba3578; sourceTree = "<group>"; };
		524D4E68F563BDB294EE08BF /* 64361927cf0d35f19647cf1759299784c6a309 */ = {isa = PBXFileReference; path = 64361927cf0d35f19647cf1759299784c6a309; sourceTree = "<group>"; };
		524F14CEADEDE7C925E2C217 /* ContentView.swift */ = {isa = PBXFileReference; lastKnownFileType = sourcecode.swift; path = ContentView.swift; sourceTree = "<group>"; };
		556506AC4E3613D2A32FE5E2 /* 65bab747b1a4a2b15fe25973c8cb58931cca9b */ = {isa = PBXFileReference; path = 65bab747b1a4a2b15fe25973c8cb58931cca9b; sourceTree = "<group>"; };
		564E695C6B41691E51AA2060 /* a5eeacbc6115959a593146abd6ad4a68af18bd */ = {isa = PBXFileReference; path = a5eeacbc6115959a593146abd6ad4a68af18bd; sourceTree = "<group>"; };
		56FEFF8792C64B9EB6B6C7C3 /* 692398c36800097f66f0030f99b144b337f0ff */ = {isa = PBXFileReference; path = 692398c36800097f66f0030f99b144b337f0ff; sourceTree = "<group>"; };
		597B6FCCE4168ABA8086F274 /* 671c7f57ad3aa92f130ca2ea4ecd80da699e54 */ = {isa = PBXFileReference; path = 671c7f57ad3aa92f130ca2ea4ecd80da699e54; sourceTree = "<group>"; };
		597CA84B1E6720C496D406A0 /* 349459c52f51643fb9d14293b1584b82883079 */ = {isa = PBXFileReference; path = 349459c52f51643fb9d14293b1584b82883079; sourceTree = "<group>"; };
		5A5595FE342334B2B9265FDD /* fdb41020812647c6c9439290ff691e35828421 */ = {isa = PBXFileReference; path = fdb41020812647c6c9439290ff691e35828421; sourceTree = "<group>"; };
		5A5EEEB0E2A5F03B454193C1 /* pre-rebase.sample */ = {isa = PBXFileReference; path = "pre-rebase.sample"; sourceTree = "<group>"; };
		5B675C248AD7ACC93ACF26F6 /* SummaryView.swift */ = {isa = PBXFileReference; lastKnownFileType = sourcecode.swift; path = SummaryView.swift; sourceTree = "<group>"; };
		5DB8F08C9DC953F57F88F760 /* 4ce49aab8586446812959be4bf06cc4463e03d */ = {isa = PBXFileReference; path = 4ce49aab8586446812959be4bf06cc4463e03d; sourceTree = "<group>"; };
		5EA9F32FC8B2E8769176946C /* FETCH_HEAD */ = {isa = PBXFileReference; path = FETCH_HEAD; sourceTree = "<group>"; };
		617F9346B63357F8B3284733 /* push-to-checkout.sample */ = {isa = PBXFileReference; path = "push-to-checkout.sample"; sourceTree = "<group>"; };
		630EFD8EE0132F63D655ADA3 /* cf0ea1a86a14bacc5c2f937382c6d00be93616 */ = {isa = PBXFileReference; path = cf0ea1a86a14bacc5c2f937382c6d00be93616; sourceTree = "<group>"; };
		6357FFD833C90F756A40EE4C /* f094405bf48c10853f2921ce1d41e4ce30faf0 */ = {isa = PBXFileReference; path = f094405bf48c10853f2921ce1d41e4ce30faf0; sourceTree = "<group>"; };
		642C89144AD64B2E4943E6C8 /* SpeechRecognizer.swift */ = {isa = PBXFileReference; lastKnownFileType = sourcecode.swift; path = SpeechRecognizer.swift; sourceTree = "<group>"; };
		65AF7B00A9174A8CB7C6A075 /* bc6ef847e727964f372dedd66e0ebd81d47661 */ = {isa = PBXFileReference; path = bc6ef847e727964f372dedd66e0ebd81d47661; sourceTree = "<group>"; };
		665A1F4959EDDDF5B6DF08EC /* main */ = {isa = PBXFileReference; path = main; sourceTree = "<group>"; };
		68CC239AD95B5589552DBB21 /* 3c399a6607aadb30bb7567e38b77802f6ba331 */ = {isa = PBXFileReference; path = 3c399a6607aadb30bb7567e38b77802f6ba331; sourceTree = "<group>"; };
		6BE16F9922047491D3A4A9F9 /* Components.swift */ = {isa = PBXFileReference; lastKnownFileType = sourcecode.swift; path = Components.swift; sourceTree = "<group>"; };
		6C14D09EAED5B00732853BF3 /* 7feb1b9753aed99d9eff55a87595b57f1c5687 */ = {isa = PBXFileReference; path = 7feb1b9753aed99d9eff55a87595b57f1c5687; sourceTree = "<group>"; };
		6C6F39EA3763C1A9B45356FA /* update.sample */ = {isa = PBXFileReference; path = update.sample; sourceTree = "<group>"; };
		6E34F5FF320016C89B04E71C /* 00d400d775d658d0259ceb62f6c4b96d1b1917 */ = {isa = PBXFileReference; path = 00d400d775d658d0259ceb62f6c4b96d1b1917; sourceTree = "<group>"; };
		6E35B6613434FD97A80E8B37 /* settings.local.json */ = {isa = PBXFileReference; lastKnownFileType = text.json; path = settings.local.json; sourceTree = "<group>"; };
		6E6B5485CAD14A9E8C20E00F /* 3045c3adf665d926bcf04b7def73caae1c96a0 */ = {isa = PBXFileReference; path = 3045c3adf665d926bcf04b7def73caae1c96a0; sourceTree = "<group>"; };
		70A0455A4F6FCEF318C34BBE /* d145e0843f77b22743ae338e0a6187ccd7aa84 */ = {isa = PBXFileReference; path = d145e0843f77b22743ae338e0a6187ccd7aa84; sourceTree = "<group>"; };
		70CAD54A125BDB7FE58FECAB /* eecdee0c25a584a3c81daa2f0abc2f1d805e64 */ = {isa = PBXFileReference; path = eecdee0c25a584a3c81daa2f0abc2f1d805e64; sourceTree = "<group>"; };
		7227DE6CC8F43A127E9B4BF8 /* pre-applypatch.sample */ = {isa = PBXFileReference; path = "pre-applypatch.sample"; sourceTree = "<group>"; };
		757F325A8C8F31067E5350AD /* f1f771301339d39866dffa7e839b538aa277e6 */ = {isa = PBXFileReference; path = f1f771301339d39866dffa7e839b538aa277e6; sourceTree = "<group>"; };
		75E2152B50BE1A2EE540D9F2 /* post-update.sample */ = {isa = PBXFileReference; path = "post-update.sample"; sourceTree = "<group>"; };
		76A84E54FA6F7471E5D7E058 /* 4effe02919540f51ba2d6eeff3f47d9d6d707c */ = {isa = PBXFileReference; path = 4effe02919540f51ba2d6eeff3f47d9d6d707c; sourceTree = "<group>"; };
		77A4E5579E02858C94B1E8F4 /* 08b81937a6287a6ed57903895e408c6eefa056 */ = {isa = PBXFileReference; path = 08b81937a6287a6ed57903895e408c6eefa056; sourceTree = "<group>"; };
		7829409D0CBE6FECF5792EE2 /* 6beb0c972af3730a4b52f7eb29aa870b5516c5 */ = {isa = PBXFileReference; path = 6beb0c972af3730a4b52f7eb29aa870b5516c5; sourceTree = "<group>"; };
		786B57175CA766743BF4181D /* 34c3c0d24c5790fd6a21b7d22febe0224f9423 */ = {isa = PBXFileReference; path = 34c3c0d24c5790fd6a21b7d22febe0224f9423; sourceTree = "<group>"; };
		7BEF2337EC93266D62A82BB6 /* 9408066b7f77547abd98fb17ea03f3adb12934 */ = {isa = PBXFileReference; path = 9408066b7f77547abd98fb17ea03f3adb12934; sourceTree = "<group>"; };
		7D6CE97B9B67839872CF66CD /* 930c6977afd32e8fe6a0e62bd17b77a33422bb */ = {isa = PBXFileReference; path = 930c6977afd32e8fe6a0e62bd17b77a33422bb; sourceTree = "<group>"; };
		815E4C844774836D3C205BDB /* dfe4dd110c2985dcb8e5832324d94e796cc417 */ = {isa = PBXFileReference; path = dfe4dd110c2985dcb8e5832324d94e796cc417; sourceTree = "<group>"; };
		91F5E3FA9C476A59FAABDF32 /* 0c647af7fe015226ab41a25366f8a685b2d80c */ = {isa = PBXFileReference; path = 0c647af7fe015226ab41a25366f8a685b2d80c; sourceTree = "<group>"; };
		92A2982663FC385EE17E9231 /* b8a9a8cff4fd964278b338af564df266bca5ea */ = {isa = PBXFileReference; path = b8a9a8cff4fd964278b338af564df266bca5ea; sourceTree = "<group>"; };
		93B338EC94A1C0F5C2F845B2 /* 4842d91410025d1544350574d7d278693b1574 */ = {isa = PBXFileReference; path = 4842d91410025d1544350574d7d278693b1574; sourceTree = "<group>"; };
		958E54176DC8C0C2B4818D06 /* c995249ff5c78bffc4d2178aa44557b8d33893 */ = {isa = PBXFileReference; path = c995249ff5c78bffc4d2178aa44557b8d33893; sourceTree = "<group>"; };
		9944303CB71F20D7D11EDE10 /* SampleData.swift */ = {isa = PBXFileReference; lastKnownFileType = sourcecode.swift; path = SampleData.swift; sourceTree = "<group>"; };
		9950C7FDCC309D2CBE80AF0A /* 50f7bfde91195c1831427720728ce9f24eb8d9 */ = {isa = PBXFileReference; path = 50f7bfde91195c1831427720728ce9f24eb8d9; sourceTree = "<group>"; };
		9A61B25E4913F4182E9384B2 /* d846051d71c480ab3cb6daa785f093dcc34382 */ = {isa = PBXFileReference; path = d846051d71c480ab3cb6daa785f093dcc34382; sourceTree = "<group>"; };
		9B78536B1FAFA53010E6F00F /* index */ = {isa = PBXFileReference; path = index; sourceTree = "<group>"; };
		9B97ACBF8002CA37D03F3888 /* 7e5df109aaebcb4ba514995ae6b6eb5b6ff7f8 */ = {isa = PBXFileReference; path = 7e5df109aaebcb4ba514995ae6b6eb5b6ff7f8; sourceTree = "<group>"; };
		9E7064D8636751006532D393 /* 1e3e4b2c2b1faaa07d32d134def45c1675fedd */ = {isa = PBXFileReference; path = 1e3e4b2c2b1faaa07d32d134def45c1675fedd; sourceTree = "<group>"; };
		9F4A80BA1AE59183EFC2DC8F /* 583cb31b939822b7b69bdfae8e5806bd144ffe */ = {isa = PBXFileReference; path = 583cb31b939822b7b69bdfae8e5806bd144ffe; sourceTree = "<group>"; };
		A0A29BF5920D9CAC93F0AE67 /* 9434a6254f0e9651f402737811be6634a03e9c */ = {isa = PBXFileReference; path = 9434a6254f0e9651f402737811be6634a03e9c; sourceTree = "<group>"; };
		A3F776D00C9CF0191FBF7B07 /* 30bdeeac331b04f07a796306a7a76ae4c15fca */ = {isa = PBXFileReference; path = 30bdeeac331b04f07a796306a7a76ae4c15fca; sourceTree = "<group>"; };
		A4E91CF1D93D495968629B3C /* 358f7f4da9765112678b791a492211ea374be6 */ = {isa = PBXFileReference; path = 358f7f4da9765112678b791a492211ea374be6; sourceTree = "<group>"; };
		A52C676B710D9A33B0609597 /* FixedPaymentsView.swift */ = {isa = PBXFileReference; lastKnownFileType = sourcecode.swift; path = FixedPaymentsView.swift; sourceTree = "<group>"; };
		A6AED96D2DD43FBB80979325 /* c956cc96ef685d9b61007e50499e668e85334b */ = {isa = PBXFileReference; path = c956cc96ef685d9b61007e50499e668e85334b; sourceTree = "<group>"; };
		A6F88F00431FBE172CF4D15A /* 7359afaf1c033434ee4af67f4af6f40b004182 */ = {isa = PBXFileReference; path = 7359afaf1c033434ee4af67f4af6f40b004182; sourceTree = "<group>"; };
		A9D9732E10103B2D13CDD77B /* 0d54e9aab0c2dab6b2d0703a7fb4326ddafee0 */ = {isa = PBXFileReference; path = 0d54e9aab0c2dab6b2d0703a7fb4326ddafee0; sourceTree = "<group>"; };
		AA0365AD2DC31ED718CEA7DB /* e23066e6d6a993cf072a915070998506c6e4a5 */ = {isa = PBXFileReference; path = e23066e6d6a993cf072a915070998506c6e4a5; sourceTree = "<group>"; };
		AC6CE8B4DD5EEBB02F4CC2C6 /* 069c02a8d081ae2c80045fcc5111effff51fa4 */ = {isa = PBXFileReference; path = 069c02a8d081ae2c80045fcc5111effff51fa4; sourceTree = "<group>"; };
		AE4871B5FB74C30D77353314 /* 00d949c8e939118d65fbf46a6ed65b3f537187 */ = {isa = PBXFileReference; path = 00d949c8e939118d65fbf46a6ed65b3f537187; sourceTree = "<group>"; };
		AEA8C0559122BA28FBA2EE8C /* 49876861e394d3b7ce7ebea15ce43cf4f31a58 */ = {isa = PBXFileReference; path = 49876861e394d3b7ce7ebea15ce43cf4f31a58; sourceTree = "<group>"; };
		AEE7227377863453AC05736D /* ffbc45d3920d4c01cb1f15f245c201424a2c3e */ = {isa = PBXFileReference; path = ffbc45d3920d4c01cb1f15f245c201424a2c3e; sourceTree = "<group>"; };
		B3C7B891626F3A5FB4932278 /* HEAD */ = {isa = PBXFileReference; path = HEAD; sourceTree = "<group>"; };
		B68A3295B1290A517D08EDC5 /* 56432ca91a3ef7c8d6ff26714af480c7ce0f2e */ = {isa = PBXFileReference; path = 56432ca91a3ef7c8d6ff26714af480c7ce0f2e; sourceTree = "<group>"; };
		B6C05206D1F81F103E349688 /* applypatch-msg.sample */ = {isa = PBXFileReference; path = "applypatch-msg.sample"; sourceTree = "<group>"; };
		B6EF61DE248675EF7E2C0A05 /* pre-push.sample */ = {isa = PBXFileReference; path = "pre-push.sample"; sourceTree = "<group>"; };
		B779D7C832A41313668B05A0 /* fsmonitor-watchman.sample */ = {isa = PBXFileReference; path = "fsmonitor-watchman.sample"; sourceTree = "<group>"; };
		B947BD2FD47DCBEB895B1CF5 /* description */ = {isa = PBXFileReference; path = description; sourceTree = "<group>"; };
		B9C97BBCB32921CD6F8DCDFA /* 2070d936a507eca064ae886e9f5d98f50030bb */ = {isa = PBXFileReference; path = 2070d936a507eca064ae886e9f5d98f50030bb; sourceTree = "<group>"; };
		BE39C242EDCB82D64670F54E /* 5767f083dc0e6864bdf8310bfc5e26b285a368 */ = {isa = PBXFileReference; path = 5767f083dc0e6864bdf8310bfc5e26b285a368; sourceTree = "<group>"; };
		C3AEF8B1A93B349599C37D42 /* 45f8bd17eb0380756430233bf6ee0bf570c477 */ = {isa = PBXFileReference; path = 45f8bd17eb0380756430233bf6ee0bf570c477; sourceTree = "<group>"; };
		C41928839C9819338F79E510 /* 6ba88c8022e3483dfc92cb730ac3ec3a48f4be */ = {isa = PBXFileReference; path = 6ba88c8022e3483dfc92cb730ac3ec3a48f4be; sourceTree = "<group>"; };
		C7AAF1EA87279DC2CC7D639E /* 008f43be6332ca72927395836ae5182d5d18fd */ = {isa = PBXFileReference; path = 008f43be6332ca72927395836ae5182d5d18fd; sourceTree = "<group>"; };
		CCA6F170106BF50B40A526A5 /* ccdd4473eee73502d5581704b9e336d8260d04 */ = {isa = PBXFileReference; path = ccdd4473eee73502d5581704b9e336d8260d04; sourceTree = "<group>"; };
		CE9A3E81A9E7C32C0355EFB4 /* pre-merge-commit.sample */ = {isa = PBXFileReference; path = "pre-merge-commit.sample"; sourceTree = "<group>"; };
		CF5B271DA038B38D5994ABB5 /* exclude */ = {isa = PBXFileReference; path = exclude; sourceTree = "<group>"; };
		D4648540BB3E1E8E6D379913 /* main */ = {isa = PBXFileReference; path = main; sourceTree = "<group>"; };
		D61781265B35C4CAD0DA85CE /* TestAppApp.swift */ = {isa = PBXFileReference; lastKnownFileType = sourcecode.swift; path = TestAppApp.swift; sourceTree = "<group>"; };
		D662646A537CB7A00CB9258E /* acb2ac20b2748edfb0ae057051c32720a62547 */ = {isa = PBXFileReference; path = acb2ac20b2748edfb0ae057051c32720a62547; sourceTree = "<group>"; };
		D72D9AC7F8ED4A3136C98C3A /* 85882f5251d796c12ca772c453c238c71041e5 */ = {isa = PBXFileReference; path = 85882f5251d796c12ca772c453c238c71041e5; sourceTree = "<group>"; };
		D9474EC79D4622FEA9483975 /* commit-msg.sample */ = {isa = PBXFileReference; path = "commit-msg.sample"; sourceTree = "<group>"; };
		DB65DDBC20139F8A5C0EF4D5 /* DailyExpensesView.swift */ = {isa = PBXFileReference; lastKnownFileType = sourcecode.swift; path = DailyExpensesView.swift; sourceTree = "<group>"; };
		DB7CB5B6210AFB236F4DEAA1 /* a1a393586a8805ef9c4e1328700245eae9bd89 */ = {isa = PBXFileReference; path = a1a393586a8805ef9c4e1328700245eae9bd89; sourceTree = "<group>"; };
		DE2C685512CAD5DE2116777A /* 71970efae9accaa73393592ab0e654ff31b8fe */ = {isa = PBXFileReference; path = 71970efae9accaa73393592ab0e654ff31b8fe; sourceTree = "<group>"; };
		DE7338B38822AFA432C08A62 /* LoginView.swift */ = {isa = PBXFileReference; lastKnownFileType = sourcecode.swift; path = LoginView.swift; sourceTree = "<group>"; };
		DF2449D0ABDBC325B719A839 /* .gitignore */ = {isa = PBXFileReference; path = .gitignore; sourceTree = "<group>"; };
		E183157E7F7AA4E82F33544D /* d6d24abdc023c7c8a6c051f1b96a4859844622 */ = {isa = PBXFileReference; path = d6d24abdc023c7c8a6c051f1b96a4859844622; sourceTree = "<group>"; };
		E1944AB0D83095243BFDC943 /* e8f4736d36b383a66d2e0d60fd231f3743da53 */ = {isa = PBXFileReference; path = e8f4736d36b383a66d2e0d60fd231f3743da53; sourceTree = "<group>"; };
		E5EB857A7197CE3A107F3E07 /* 4f07f600a3338606d46c45b0979b273cec0afa */ = {isa = PBXFileReference; path = 4f07f600a3338606d46c45b0979b273cec0afa; sourceTree = "<group>"; };
		E658EB8138489552BE03E33E /* PlaceholderViews.swift */ = {isa = PBXFileReference; lastKnownFileType = sourcecode.swift; path = PlaceholderViews.swift; sourceTree = "<group>"; };
		E71876F04DD8C0FF0E87E543 /* 682c9d6f8303a11de28ccb3ec5b256730e574e */ = {isa = PBXFileReference; path = 682c9d6f8303a11de28ccb3ec5b256730e574e; sourceTree = "<group>"; };
		E7685A7FCDC74653C5731202 /* c6637b00b8e4f3cb2b663cac4c7fe90f7e4928 */ = {isa = PBXFileReference; path = c6637b00b8e4f3cb2b663cac4c7fe90f7e4928; sourceTree = "<group>"; };
		E7E3F309B7AD2CE66C5E407F /* ec71648cc2f7384156c4f4e45914d2eda0866e */ = {isa = PBXFileReference; path = ec71648cc2f7384156c4f4e45914d2eda0866e; sourceTree = "<group>"; };
		EA5649E420AC8C2A40718744 /* 7da37333846338472f2ac62cc4a5911e1d3fcd */ = {isa = PBXFileReference; path = 7da37333846338472f2ac62cc4a5911e1d3fcd; sourceTree = "<group>"; };
		EBF4429356088BDB5BB8BA4F /* 94d0021ec5948d46df3a97189f796d72a72b9f */ = {isa = PBXFileReference; path = 94d0021ec5948d46df3a97189f796d72a72b9f; sourceTree = "<group>"; };
		EEA1305126B750AF10B006F5 /* prepare-commit-msg.sample */ = {isa = PBXFileReference; path = "prepare-commit-msg.sample"; sourceTree = "<group>"; };
		F1F7AC74A8E83509E84BB6FA /* 9a015bd25cacf40ffb77268a0c7b5b460e9da4 */ = {isa = PBXFileReference; path = 9a015bd25cacf40ffb77268a0c7b5b460e9da4; sourceTree = "<group>"; };
		F3096310996ECFB058032AD5 /* Models.swift */ = {isa = PBXFileReference; lastKnownFileType = sourcecode.swift; path = Models.swift; sourceTree = "<group>"; };
		F35F72548B87E3669D43D100 /* c00596a7fca3f3d4bdd64053b69d86745f9e10 */ = {isa = PBXFileReference; path = c00596a7fca3f3d4bdd64053b69d86745f9e10; sourceTree = "<group>"; };
		F3C3DD0F706BD9245CFBF161 /* 22009e2537365c662c5085cf1b44d4fb48ed43 */ = {isa = PBXFileReference; path = 22009e2537365c662c5085cf1b44d4fb48ed43; sourceTree = "<group>"; };
		F51A5ADE8853980F293EB892 /* config */ = {isa = PBXFileReference; path = config; sourceTree = "<group>"; };
		F86171034D5F96B5545801BE /* d44362fbe5d164d6c301f6c1281df63c9b2d88 */ = {isa = PBXFileReference; path = d44362fbe5d164d6c301f6c1281df63c9b2d88; sourceTree = "<group>"; };
		F8A1DEA1708C255A6532C25C /* cba07f74df07089310685e870b55d5cffacd66 */ = {isa = PBXFileReference; path = cba07f74df07089310685e870b55d5cffacd66; sourceTree = "<group>"; };
		F961F0B98C89F990FBE9CFA4 /* 5d3ffb73e25dddb9fa3ba3612e35df0ecea56d */ = {isa = PBXFileReference; path = 5d3ffb73e25dddb9fa3ba3612e35df0ecea56d; sourceTree = "<group>"; };
		F99B61F303FE5E7B6BF9AEC8 /* 3a8307382bbc04b5dfd2ca47d73458b99d7e12 */ = {isa = PBXFileReference; path = 3a8307382bbc04b5dfd2ca47d73458b99d7e12; sourceTree = "<group>"; };
		FC9C2A58117F81547CD442BF /* 32da6ec8a89ad53da5610fd1def42fc4417a1b */ = {isa = PBXFileReference; path = 32da6ec8a89ad53da5610fd1def42fc4417a1b; sourceTree = "<group>"; };
		FE3A71E703B7D94A626EBFA3 /* c19cc17a1d6452956495c8f392c3673f08a9eb */ = {isa = PBXFileReference; path = c19cc17a1d6452956495c8f392c3673f08a9eb; sourceTree = "<group>"; };
/* End PBXFileReference section */

/* Begin PBXGroup section */
		02AB6F981492099A23504585 /* 6a */ = {
			isa = PBXGroup;
			children = (
				098D59F8F4F5193DF2D9E092 /* 76c51f0e4351149e0aecd4260f125253be5b75 */,
			);
			path = 6a;
			sourceTree = "<group>";
		};
		03F9A01C212C4B32C60A124D /* 61 */ = {
			isa = PBXGroup;
			children = (
				0EAF1FAFD70C77A673EBCFF2 /* 2ac9277e3e933c47ebf3c1938eea29f8bc4f8d */,
			);
			path = 61;
			sourceTree = "<group>";
		};
		06BB1CB563B09D536E9DDC19 /* bb */ = {
			isa = PBXGroup;
			children = (
				48CA31AEEF45537C6C48C8AC /* 55ee6bfe12385d1998950e0bdd3e56f5d73c4a */,
				E71876F04DD8C0FF0E87E543 /* 682c9d6f8303a11de28ccb3ec5b256730e574e */,
				500ABFA59B8130631269CD66 /* 9578543ba635d5b43948037a5b421f6dba3578 */,
			);
			path = bb;
			sourceTree = "<group>";
		};
		07DA2F8F9DD08AFF4D7620A7 /* d8 */ = {
			isa = PBXGroup;
			children = (
				0E95578733FE97C01DC0E2E7 /* 8ac55e0c813f6d3bb0eab88a53600026458f0b */,
			);
			path = d8;
			sourceTree = "<group>";
		};
		0E0F940F4A8977CDD5EC018C /* 17 */ = {
			isa = PBXGroup;
			children = (
				A6AED96D2DD43FBB80979325 /* c956cc96ef685d9b61007e50499e668e85334b */,
			);
			path = 17;
			sourceTree = "<group>";
		};
		0ED6022ED0F586FAC921A912 /* 36 */ = {
			isa = PBXGroup;
			children = (
				43D45EBB461E92966179A1EF /* 9c811ab698c127b268e208049c641d15ed613e */,
			);
			path = 36;
			sourceTree = "<group>";
		};
		12ABB14850E4A56D49265E5C /* e6 */ = {
			isa = PBXGroup;
			children = (
				42FA17F19981050BED3294B9 /* 4eff5ba08f0620890a8e340d536b8647203bc1 */,
			);
			path = e6;
			sourceTree = "<group>";
		};
		1D74D88FC13ACB9BDB85FCDD /* ba */ = {
			isa = PBXGroup;
			children = (
				DB7CB5B6210AFB236F4DEAA1 /* a1a393586a8805ef9c4e1328700245eae9bd89 */,
			);
			path = ba;
			sourceTree = "<group>";
		};
		1ED26426925A9C10B3DC859C = {
			isa = PBXGroup;
			children = (
				7742FC498505E2314F693B4A /* .claude */,
				F28B579A52A530D8DCF75C12 /* .git */,
				C1B951C689132953C8C8BE94 /* TestApp */,
				373576F027873391B8FAC423 /* Products */,
			);
			sourceTree = "<group>";
		};
		22AEC97FEB3485F5392CAEF1 /* remotes */ = {
			isa = PBXGroup;
			children = (
				5D0964073EAD68083FED56C2 /* origin */,
			);
			path = remotes;
			sourceTree = "<group>";
		};
		262FD58C9A9F6F9AE43B59A1 /* be */ = {
			isa = PBXGroup;
			children = (
				E7685A7FCDC74653C5731202 /* c6637b00b8e4f3cb2b663cac4c7fe90f7e4928 */,
			);
			path = be;
			sourceTree = "<group>";
		};
		26495F8EF0F62808CCBB59A3 /* a2 */ = {
			isa = PBXGroup;
			children = (
				DE2C685512CAD5DE2116777A /* 71970efae9accaa73393592ab0e654ff31b8fe */,
			);
			path = a2;
			sourceTree = "<group>";
		};
		27B7E79B0DC1820F5B28F380 /* a8 */ = {
			isa = PBXGroup;
			children = (
				630EFD8EE0132F63D655ADA3 /* cf0ea1a86a14bacc5c2f937382c6d00be93616 */,
			);
			path = a8;
			sourceTree = "<group>";
		};
		29284E9FA80880009977349E /* 92 */ = {
			isa = PBXGroup;
			children = (
				56FEFF8792C64B9EB6B6C7C3 /* 692398c36800097f66f0030f99b144b337f0ff */,
			);
			path = 92;
			sourceTree = "<group>";
		};
		2A97631A6671631C6A8C88FD /* 76 */ = {
			isa = PBXGroup;
			children = (
				0D38645A8BD998D541D5D311 /* b4d5ae702d6f36dc21d694ea71e551b76a083c */,
			);
			path = 76;
			sourceTree = "<group>";
		};
		2B10520966C0D78CADBD6829 /* d4 */ = {
			isa = PBXGroup;
			children = (
				A6F88F00431FBE172CF4D15A /* 7359afaf1c033434ee4af67f4af6f40b004182 */,
			);
			path = d4;
			sourceTree = "<group>";
		};
		2F78F511D85DFE78699F0831 /* 34 */ = {
			isa = PBXGroup;
			children = (
				1DDC65507ECFE4678DE4F305 /* 35a092257eeef29e0abf27742a03aca10892f7 */,
			);
			path = 34;
			sourceTree = "<group>";
		};
		3053A3B5CE5E11E61E840EAE /* 0c */ = {
			isa = PBXGroup;
			children = (
				9B97ACBF8002CA37D03F3888 /* 7e5df109aaebcb4ba514995ae6b6eb5b6ff7f8 */,
			);
			path = 0c;
			sourceTree = "<group>";
		};
		30F598FD18C031A0ECA08AE1 /* 3f */ = {
			isa = PBXGroup;
			children = (
				6E34F5FF320016C89B04E71C /* 00d400d775d658d0259ceb62f6c4b96d1b1917 */,
				F8A1DEA1708C255A6532C25C /* cba07f74df07089310685e870b55d5cffacd66 */,
			);
			path = 3f;
			sourceTree = "<group>";
		};
		3726EF1F6FB53C844632317A /* heads */ = {
			isa = PBXGroup;
			children = (
				D4648540BB3E1E8E6D379913 /* main */,
			);
			path = heads;
			sourceTree = "<group>";
		};
		373576F027873391B8FAC423 /* Products */ = {
			isa = PBXGroup;
			children = (
				246DC4CD3FA60DFDA45B7132 /* TestApp.app */,
			);
			name = Products;
			sourceTree = "<group>";
		};
		39563A22097742686E8E1ABD /* a6 */ = {
			isa = PBXGroup;
			children = (
				A4E91CF1D93D495968629B3C /* 358f7f4da9765112678b791a492211ea374be6 */,
			);
			path = a6;
			sourceTree = "<group>";
		};
		3C2569BAF1B823482CDD7977 /* 55 */ = {
			isa = PBXGroup;
			children = (
				11A23EFB33A7F5A9A38284C8 /* 3dff36488f9945b97771267d3a7f9bbfc94da5 */,
				F86171034D5F96B5545801BE /* d44362fbe5d164d6c301f6c1281df63c9b2d88 */,
			);
			path = 55;
			sourceTree = "<group>";
		};
		3C929C7B3473A11262DBDEDE /* 71 */ = {
			isa = PBXGroup;
			children = (
				564E695C6B41691E51AA2060 /* a5eeacbc6115959a593146abd6ad4a68af18bd */,
				25F12D28744A3BCC0AC691B1 /* ca15824eaff1ea97835fdff0d4947440d0b301 */,
			);
			path = 71;
			sourceTree = "<group>";
		};
		414E0FD8A4BE4E6048D52443 /* 50 */ = {
			isa = PBXGroup;
			children = (
				23F359DF21D6D531360D0886 /* a142191c6b72e9b5a5bff325e9cf1d7d6ed5fd */,
			);
			path = 50;
			sourceTree = "<group>";
		};
		42C07647178320CEF9D50FD2 /* refs */ = {
			isa = PBXGroup;
			children = (
				B9468D9DF375D31DCFDF22D4 /* heads */,
				22AEC97FEB3485F5392CAEF1 /* remotes */,
			);
			path = refs;
			sourceTree = "<group>";
		};
		4468C9344AE7DA72108D8723 /* f8 */ = {
			isa = PBXGroup;
			children = (
				77A4E5579E02858C94B1E8F4 /* 08b81937a6287a6ed57903895e408c6eefa056 */,
			);
			path = f8;
			sourceTree = "<group>";
		};
		45B6745D2DA2F4D10F207154 /* 42 */ = {
			isa = PBXGroup;
			children = (
				AC6CE8B4DD5EEBB02F4CC2C6 /* 069c02a8d081ae2c80045fcc5111effff51fa4 */,
			);
			path = 42;
			sourceTree = "<group>";
		};
		48FCEDC9A904FFB4FD1D134E /* 4a */ = {
			isa = PBXGroup;
			children = (
				016723AC4A77F36E2C7CFC29 /* 0b168d2f870b765a7df08b218e37b778a39871 */,
			);
			path = 4a;
			sourceTree = "<group>";
		};
		49F61D93C368335B9E27583D /* 78 */ = {
			isa = PBXGroup;
			children = (
				CCA6F170106BF50B40A526A5 /* ccdd4473eee73502d5581704b9e336d8260d04 */,
			);
			path = 78;
			sourceTree = "<group>";
		};
		4D10A784985A9CC8BBB8BFBC /* a3 */ = {
			isa = PBXGroup;
			children = (
				AA0365AD2DC31ED718CEA7DB /* e23066e6d6a993cf072a915070998506c6e4a5 */,
			);
			path = a3;
			sourceTree = "<group>";
		};
		4ED50EBB621A2631D37F78E6 /* 7b */ = {
			isa = PBXGroup;
			children = (
				9E7064D8636751006532D393 /* 1e3e4b2c2b1faaa07d32d134def45c1675fedd */,
				D662646A537CB7A00CB9258E /* acb2ac20b2748edfb0ae057051c32720a62547 */,
			);
			path = 7b;
			sourceTree = "<group>";
		};
		4FD98C38714A31D4211FBCE4 /* 1e */ = {
			isa = PBXGroup;
			children = (
				3F2C657679B690D382E9A859 /* 1d6dbfc6b18572ad53c59fd41e7e8ca42a1a76 */,
				B9C97BBCB32921CD6F8DCDFA /* 2070d936a507eca064ae886e9f5d98f50030bb */,
			);
			path = 1e;
			sourceTree = "<group>";
		};
		51BF0F37A3AEBBE9C9887E4C /* b1 */ = {
			isa = PBXGroup;
			children = (
				5DB8F08C9DC953F57F88F760 /* 4ce49aab8586446812959be4bf06cc4463e03d */,
				70A0455A4F6FCEF318C34BBE /* d145e0843f77b22743ae338e0a6187ccd7aa84 */,
			);
			path = b1;
			sourceTree = "<group>";
		};
		55A15BE99C3DB52E229018B7 /* 5d */ = {
			isa = PBXGroup;
			children = (
				E1944AB0D83095243BFDC943 /* e8f4736d36b383a66d2e0d60fd231f3743da53 */,
				757F325A8C8F31067E5350AD /* f1f771301339d39866dffa7e839b538aa277e6 */,
			);
			path = 5d;
			sourceTree = "<group>";
		};
		574B869C0B15D1403A4A5D8A /* info */ = {
			isa = PBXGroup;
			children = (
				CF5B271DA038B38D5994ABB5 /* exclude */,
			);
			path = info;
			sourceTree = "<group>";
		};
		5906F7C87E60C23FC518DAE4 /* 85 */ = {
			isa = PBXGroup;
			children = (
				3CAA6A685F29E8307AA52892 /* b16100fa5a49e0ef0b43a429132200e5ca68ee */,
			);
			path = 85;
			sourceTree = "<group>";
		};
		5D0964073EAD68083FED56C2 /* origin */ = {
			isa = PBXGroup;
			children = (
				333384C68FCD5255A884A229 /* main */,
			);
			path = origin;
			sourceTree = "<group>";
		};
		62A80CC2012C7DDA47C69610 /* d0 */ = {
			isa = PBXGroup;
			children = (
				556506AC4E3613D2A32FE5E2 /* 65bab747b1a4a2b15fe25973c8cb58931cca9b */,
			);
			path = d0;
			sourceTree = "<group>";
		};
		6549853737566B9AD8D027FE /* 10 */ = {
			isa = PBXGroup;
			children = (
				2007C9B601A90FA442B7F13B /* 0ef256a6aa12a483bac12ee4d4f6e0422fe678 */,
				354784C08F7436A057CA5037 /* e4ac2a075a35be59f6a3f46e5681abad0dc185 */,
			);
			path = 10;
			sourceTree = "<group>";
		};
		658F63F6E85E8BEE57517032 /* e3 */ = {
			isa = PBXGroup;
			children = (
				C41928839C9819338F79E510 /* 6ba88c8022e3483dfc92cb730ac3ec3a48f4be */,
			);
			path = e3;
			sourceTree = "<group>";
		};
		67B275CC8EF9EFBAE84EF777 /* 7d */ = {
			isa = PBXGroup;
			children = (
				9F4A80BA1AE59183EFC2DC8F /* 583cb31b939822b7b69bdfae8e5806bd144ffe */,
				315A4D9D5B7C3EAFBB6CF246 /* 5883960b8442bafa49c0ffa039536459e7c6a9 */,
			);
			path = 7d;
			sourceTree = "<group>";
		};
		6DAA8603AB749F37D76B8F8F /* hooks */ = {
			isa = PBXGroup;
			children = (
				B6C05206D1F81F103E349688 /* applypatch-msg.sample */,
				D9474EC79D4622FEA9483975 /* commit-msg.sample */,
				B779D7C832A41313668B05A0 /* fsmonitor-watchman.sample */,
				75E2152B50BE1A2EE540D9F2 /* post-update.sample */,
				7227DE6CC8F43A127E9B4BF8 /* pre-applypatch.sample */,
				1C97D3083BDF0A7AD55549E8 /* pre-commit.sample */,
				CE9A3E81A9E7C32C0355EFB4 /* pre-merge-commit.sample */,
				B6EF61DE248675EF7E2C0A05 /* pre-push.sample */,
				5A5EEEB0E2A5F03B454193C1 /* pre-rebase.sample */,
				4D67E0316AAB00DE475AEDDC /* pre-receive.sample */,
				EEA1305126B750AF10B006F5 /* prepare-commit-msg.sample */,
				617F9346B63357F8B3284733 /* push-to-checkout.sample */,
				6C6F39EA3763C1A9B45356FA /* update.sample */,
			);
			path = hooks;
			sourceTree = "<group>";
		};
		6E1F7B20A3A501F9EDE9BCF1 /* 68 */ = {
			isa = PBXGroup;
			children = (
				9950C7FDCC309D2CBE80AF0A /* 50f7bfde91195c1831427720728ce9f24eb8d9 */,
			);
			path = 68;
			sourceTree = "<group>";
		};
		6EA9241F4F275B12F020F1B4 /* 4c */ = {
			isa = PBXGroup;
			children = (
				FC9C2A58117F81547CD442BF /* 32da6ec8a89ad53da5610fd1def42fc4417a1b */,
			);
			path = 4c;
			sourceTree = "<group>";
		};
		70BFCF48B64114CF6DAAD4EB /* 79 */ = {
			isa = PBXGroup;
			children = (
				397F8FF19E9AD68972FAA72F /* 9b56d7e2ab99910fc042dddc989d808fe490bc */,
			);
			path = 79;
			sourceTree = "<group>";
		};
		72C38D1599895D756BAF4E58 /* 44 */ = {
			isa = PBXGroup;
			children = (
				151AEF16B998AE6433BC987C /* 290eba64a68ebc7011a9742e5e5b7b8a2be695 */,
			);
			path = 44;
			sourceTree = "<group>";
		};
		7742FC498505E2314F693B4A /* .claude */ = {
			isa = PBXGroup;
			children = (
				6E35B6613434FD97A80E8B37 /* settings.local.json */,
			);
			path = .claude;
			sourceTree = "<group>";
		};
		79044E3F9578E94CB8A6F9CC /* 1d */ = {
			isa = PBXGroup;
			children = (
				9A61B25E4913F4182E9384B2 /* d846051d71c480ab3cb6daa785f093dcc34382 */,
			);
			path = 1d;
			sourceTree = "<group>";
		};
		7B7E8CF58CB689FA603A5EA4 /* b6 */ = {
			isa = PBXGroup;
			children = (
				6C14D09EAED5B00732853BF3 /* 7feb1b9753aed99d9eff55a87595b57f1c5687 */,
			);
			path = b6;
			sourceTree = "<group>";
		};
		7E36311DE51D486A5C25A4E8 /* d9 */ = {
			isa = PBXGroup;
			children = (
				FE3A71E703B7D94A626EBFA3 /* c19cc17a1d6452956495c8f392c3673f08a9eb */,
			);
			path = d9;
			sourceTree = "<group>";
		};
		8066D095479FEDEFC34F4048 /* cb */ = {
			isa = PBXGroup;
			children = (
				441877958835C2F832DE3522 /* 25bbfbf1600bdb6ce14b6d9a8783e4ba0f05de */,
				D72D9AC7F8ED4A3136C98C3A /* 85882f5251d796c12ca772c453c238c71041e5 */,
			);
			path = cb;
			sourceTree = "<group>";
		};
		8531626217EBC9A37569C02C /* 7f */ = {
			isa = PBXGroup;
			children = (
				93B338EC94A1C0F5C2F845B2 /* 4842d91410025d1544350574d7d278693b1574 */,
			);
			path = 7f;
			sourceTree = "<group>";
		};
		894AA573C0F005445F1022CD /* 1b */ = {
			isa = PBXGroup;
			children = (
				03F5487123BD047CF6C01622 /* 3b2f1f960d49acad84008446409142d5db1898 */,
				815E4C844774836D3C205BDB /* dfe4dd110c2985dcb8e5832324d94e796cc417 */,
			);
			path = 1b;
			sourceTree = "<group>";
		};
		94DEC550F217904234A0FE63 /* 95 */ = {
			isa = PBXGroup;
			children = (
				C7AAF1EA87279DC2CC7D639E /* 008f43be6332ca72927395836ae5182d5d18fd */,
			);
			path = 95;
			sourceTree = "<group>";
		};
		99C8FC1B3C4939804D7CA60A /* 24 */ = {
			isa = PBXGroup;
			children = (
				BE39C242EDCB82D64670F54E /* 5767f083dc0e6864bdf8310bfc5e26b285a368 */,
			);
			path = 24;
			sourceTree = "<group>";
		};
		A2105D021FE6B54DAD75E2F7 /* 0b */ = {
			isa = PBXGroup;
			children = (
				786B57175CA766743BF4181D /* 34c3c0d24c5790fd6a21b7d22febe0224f9423 */,
				16A740538C1CB24212821ABF /* e6f9b6e47ae5c58989ed9ff720051de5dcb5f7 */,
			);
			path = 0b;
			sourceTree = "<group>";
		};
		A29AA1C496FDEF1658C3CF7C /* 73 */ = {
			isa = PBXGroup;
			children = (
				3A8B4611A2D4E6E047EF7AB8 /* abab55d985a673ef61081c5e5eed82ea9c9fee */,
				F35F72548B87E3669D43D100 /* c00596a7fca3f3d4bdd64053b69d86745f9e10 */,
			);
			path = 73;
			sourceTree = "<group>";
		};
		A578FE9EE1327E3019EF8281 /* 89 */ = {
			isa = PBXGroup;
			children = (
				7D6CE97B9B67839872CF66CD /* 930c6977afd32e8fe6a0e62bd17b77a33422bb */,
			);
			path = 89;
			sourceTree = "<group>";
		};
		A5931E4606276F80447918A4 /* 52 */ = {
			isa = PBXGroup;
			children = (
				0D9588F9759ACB64592C1687 /* 6e6fdff778794d7f61f4458743993936eba132 */,
				958E54176DC8C0C2B4818D06 /* c995249ff5c78bffc4d2178aa44557b8d33893 */,
			);
			path = 52;
			sourceTree = "<group>";
		};
		AA789EFACDEC81CCB8E866B8 /* e1 */ = {
			isa = PBXGroup;
			children = (
				6E6B5485CAD14A9E8C20E00F /* 3045c3adf665d926bcf04b7def73caae1c96a0 */,
			);
			path = e1;
			sourceTree = "<group>";
		};
		AFC2D6D9460B0B527D485203 /* objects */ = {
			isa = PBXGroup;
			children = (
				A2105D021FE6B54DAD75E2F7 /* 0b */,
				3053A3B5CE5E11E61E840EAE /* 0c */,
				FECB187AA6C082614899701A /* 0f */,
				894AA573C0F005445F1022CD /* 1b */,
				79044E3F9578E94CB8A6F9CC /* 1d */,
				4FD98C38714A31D4211FBCE4 /* 1e */,
				BBAFAA5E033338A842BCCF8C /* 02 */,
				C1064EC1865B401582229E92 /* 2c */,
				E97A3CC661D63438B7C60F50 /* 03 */,
				F9CA1B5DA511CE49B3A2457E /* 3d */,
				30F598FD18C031A0ECA08AE1 /* 3f */,
				48FCEDC9A904FFB4FD1D134E /* 4a */,
				6EA9241F4F275B12F020F1B4 /* 4c */,
				55A15BE99C3DB52E229018B7 /* 5d */,
				D1EEF8647438343D1D937141 /* 5e */,
				02AB6F981492099A23504585 /* 6a */,
				BA2B70AF1CBF979492B41A25 /* 6b */,
				D84FC06AAC11C039448E29EC /* 07 */,
				4ED50EBB621A2631D37F78E6 /* 7b */,
				C82200A073A720A9A2A3E977 /* 7c */,
				67B275CC8EF9EFBAE84EF777 /* 7d */,
				8531626217EBC9A37569C02C /* 7f */,
				CC9D92F01FF92177B2473635 /* 8c */,
				D8C1257CCE64DF928E35B004 /* 09 */,
				6549853737566B9AD8D027FE /* 10 */,
				FE73A5450C290335813F00CB /* 11 */,
				FE00225A695776B2C0F6E3CF /* 14 */,
				0E0F940F4A8977CDD5EC018C /* 17 */,
				D63E9A7BED4F65560FB58AC8 /* 21 */,
				99C8FC1B3C4939804D7CA60A /* 24 */,
				F309891D40C3236CB4E4F1D6 /* 27 */,
				2F78F511D85DFE78699F0831 /* 34 */,
				0ED6022ED0F586FAC921A912 /* 36 */,
				45B6745D2DA2F4D10F207154 /* 42 */,
				72C38D1599895D756BAF4E58 /* 44 */,
				C170BCEE0D6636E4D24203AB /* 45 */,
				414E0FD8A4BE4E6048D52443 /* 50 */,
				A5931E4606276F80447918A4 /* 52 */,
				3C2569BAF1B823482CDD7977 /* 55 */,
				03F9A01C212C4B32C60A124D /* 61 */,
				6E1F7B20A3A501F9EDE9BCF1 /* 68 */,
				F4A60774C766626C892645EE /* 69 */,
				B7445F197078BBB11701534C /* 70 */,
				3C929C7B3473A11262DBDEDE /* 71 */,
				A29AA1C496FDEF1658C3CF7C /* 73 */,
				D2387F20507747A2A338D6E7 /* 75 */,
				2A97631A6671631C6A8C88FD /* 76 */,
				49F61D93C368335B9E27583D /* 78 */,
				70BFCF48B64114CF6DAAD4EB /* 79 */,
				5906F7C87E60C23FC518DAE4 /* 85 */,
				A578FE9EE1327E3019EF8281 /* 89 */,
				D02C8179111190A7BFED64EB /* 91 */,
				29284E9FA80880009977349E /* 92 */,
				94DEC550F217904234A0FE63 /* 95 */,
				C3F14CBB6A0048B050783E70 /* 98 */,
				F553012CDAAB961578BA36F0 /* 99 */,
				26495F8EF0F62808CCBB59A3 /* a2 */,
				4D10A784985A9CC8BBB8BFBC /* a3 */,
				39563A22097742686E8E1ABD /* a6 */,
				27B7E79B0DC1820F5B28F380 /* a8 */,
				EFC976FFB5CB13BB55CFD71C /* ab */,
				CD75AD7AD928569B20066F64 /* af */,
				B87176238CBC611DB0F57540 /* b0 */,
				51BF0F37A3AEBBE9C9887E4C /* b1 */,
				C4EF681431627BEDA69BFAE1 /* b3 */,
				7B7E8CF58CB689FA603A5EA4 /* b6 */,
				C6F1D70EDF25EF927D7B89F1 /* b8 */,
				1D74D88FC13ACB9BDB85FCDD /* ba */,
				06BB1CB563B09D536E9DDC19 /* bb */,
				262FD58C9A9F6F9AE43B59A1 /* be */,
				E9D8A065BE01BF3E0C120602 /* c5 */,
				FA80AB4D7B0F4157AFC329C0 /* c9 */,
				8066D095479FEDEFC34F4048 /* cb */,
				DD50EA31ADA4391AB398D573 /* cc */,
				62A80CC2012C7DDA47C69610 /* d0 */,
				2B10520966C0D78CADBD6829 /* d4 */,
				07DA2F8F9DD08AFF4D7620A7 /* d8 */,
				7E36311DE51D486A5C25A4E8 /* d9 */,
				B9805164F14507249DD22120 /* dd */,
				AA789EFACDEC81CCB8E866B8 /* e1 */,
				658F63F6E85E8BEE57517032 /* e3 */,
				F40ED15A1657895931716967 /* e4 */,
				12ABB14850E4A56D49265E5C /* e6 */,
				CB059FB3F5378F5BF9257563 /* ec */,
				F2BFF160F4A5A29591B950B1 /* ed */,
				EBC4FBB0FFEF9E70E300505A /* f3 */,
				4468C9344AE7DA72108D8723 /* f8 */,
				CC786F8B73255B888E5DA3A1 /* f9 */,
				B2B03B151DDAFA248BB7047A /* fa */,
			);
			path = objects;
			sourceTree = "<group>";
		};
		B2B03B151DDAFA248BB7047A /* fa */ = {
			isa = PBXGroup;
			children = (
				597CA84B1E6720C496D406A0 /* 349459c52f51643fb9d14293b1584b82883079 */,
			);
			path = fa;
			sourceTree = "<group>";
		};
		B51BD17C8FC7F7429A28BED1 /* remotes */ = {
			isa = PBXGroup;
			children = (
				F281C87C2DA8EB30A1242896 /* origin */,
			);
			path = remotes;
			sourceTree = "<group>";
		};
		B7445F197078BBB11701534C /* 70 */ = {
			isa = PBXGroup;
			children = (
				91F5E3FA9C476A59FAABDF32 /* 0c647af7fe015226ab41a25366f8a685b2d80c */,
			);
			path = 70;
			sourceTree = "<group>";
		};
		B87176238CBC611DB0F57540 /* b0 */ = {
			isa = PBXGroup;
			children = (
				00B6A0F34728878773B46AE2 /* 4a0934ea389c57b6776a29f15ee17af77915d8 */,
				29E451371448397DD1C3B6A3 /* 98c16f519e1d172f50401933edb6ab73927109 */,
			);
			path = b0;
			sourceTree = "<group>";
		};
		B9468D9DF375D31DCFDF22D4 /* heads */ = {
			isa = PBXGroup;
			children = (
				665A1F4959EDDDF5B6DF08EC /* main */,
			);
			path = heads;
			sourceTree = "<group>";
		};
		B9805164F14507249DD22120 /* dd */ = {
			isa = PBXGroup;
			children = (
				F1F7AC74A8E83509E84BB6FA /* 9a015bd25cacf40ffb77268a0c7b5b460e9da4 */,
				70CAD54A125BDB7FE58FECAB /* eecdee0c25a584a3c81daa2f0abc2f1d805e64 */,
			);
			path = dd;
			sourceTree = "<group>";
		};
		BA2B70AF1CBF979492B41A25 /* 6b */ = {
			isa = PBXGroup;
			children = (
				A3F776D00C9CF0191FBF7B07 /* 30bdeeac331b04f07a796306a7a76ae4c15fca */,
			);
			path = 6b;
			sourceTree = "<group>";
		};
		BBAFAA5E033338A842BCCF8C /* 02 */ = {
			isa = PBXGroup;
			children = (
				597B6FCCE4168ABA8086F274 /* 671c7f57ad3aa92f130ca2ea4ecd80da699e54 */,
			);
			path = 02;
			sourceTree = "<group>";
		};
		C1064EC1865B401582229E92 /* 2c */ = {
			isa = PBXGroup;
			children = (
				26CC51296EDCC57B8FD68233 /* 20712caa86b53d356048db68ed49c454c26e3b */,
			);
			path = 2c;
			sourceTree = "<group>";
		};
		C170BCEE0D6636E4D24203AB /* 45 */ = {
			isa = PBXGroup;
			children = (
				19060B02EA902EA4824D9D61 /* 3ccec50615d2f9b1b1454a884728d084e08da5 */,
			);
			path = 45;
			sourceTree = "<group>";
		};
		C1B951C689132953C8C8BE94 /* TestApp */ = {
			isa = PBXGroup;
			children = (
				DF2449D0ABDBC325B719A839 /* .gitignore */,
				4BABA0E1CEAC9E97DE76EDA0 /* Assets.xcassets */,
				1E371107FAEC8CA981F4B6FF /* Category.swift */,
				6BE16F9922047491D3A4A9F9 /* Components.swift */,
				524F14CEADEDE7C925E2C217 /* ContentView.swift */,
				DB65DDBC20139F8A5C0EF4D5 /* DailyExpensesView.swift */,
				A52C676B710D9A33B0609597 /* FixedPaymentsView.swift */,
				DE7338B38822AFA432C08A62 /* LoginView.swift */,
				F3096310996ECFB058032AD5 /* Models.swift */,
				E658EB8138489552BE03E33E /* PlaceholderViews.swift */,
				9944303CB71F20D7D11EDE10 /* SampleData.swift */,
				642C89144AD64B2E4943E6C8 /* SpeechRecognizer.swift */,
				5B675C248AD7ACC93ACF26F6 /* SummaryView.swift */,
				D61781265B35C4CAD0DA85CE /* TestAppApp.swift */,
				7742FC498505E2314F693B4A /* .claude */,
				F28B579A52A530D8DCF75C12 /* .git */,
			);
			name = TestApp;
			path = .;
			sourceTree = "<group>";
		};
		C23953DC800EC6EFDB3FEE14 /* logs */ = {
			isa = PBXGroup;
			children = (
				069C4FD25B69F32C432336F0 /* HEAD */,
				F6B9E4886B7C45165A1E399B /* refs */,
			);
			path = logs;
			sourceTree = "<group>";
		};
		C3F14CBB6A0048B050783E70 /* 98 */ = {
			isa = PBXGroup;
			children = (
				2DE1B82B57E92FD0E7ACC4FC /* 5038a6326e2be19f4d07ad7c9a12710fe997ef */,
			);
			path = 98;
			sourceTree = "<group>";
		};
		C4EF681431627BEDA69BFAE1 /* b3 */ = {
			isa = PBXGroup;
			children = (
				2B8DD5E46B03F024226C7E4A /* db02a7a3bae01246367a171e93afd0b715075b */,
			);
			path = b3;
			sourceTree = "<group>";
		};
		C6F1D70EDF25EF927D7B89F1 /* b8 */ = {
			isa = PBXGroup;
			children = (
				7829409D0CBE6FECF5792EE2 /* 6beb0c972af3730a4b52f7eb29aa870b5516c5 */,
				4939B8CC875F61021F709E2B /* 218987e30711f9d96ab9812a7a1af3b739f607 */,
			);
			path = b8;
			sourceTree = "<group>";
		};
		C82200A073A720A9A2A3E977 /* 7c */ = {
			isa = PBXGroup;
			children = (
				4A62C5D245F09B15B592ACDE /* 045070c17b4d5f5c488e97f6d843fba884abf2 */,
				7BEF2337EC93266D62A82BB6 /* 9408066b7f77547abd98fb17ea03f3adb12934 */,
			);
			path = 7c;
			sourceTree = "<group>";
		};
		CB059FB3F5378F5BF9257563 /* ec */ = {
			isa = PBXGroup;
			children = (
				F99B61F303FE5E7B6BF9AEC8 /* 3a8307382bbc04b5dfd2ca47d73458b99d7e12 */,
			);
			path = ec;
			sourceTree = "<group>";
		};
		CC786F8B73255B888E5DA3A1 /* f9 */ = {
			isa = PBXGroup;
			children = (
				4BB6ED6F25010773C301B171 /* 4a8da19ff6f04158032df510e59ddfe8eb0461 */,
				E7E3F309B7AD2CE66C5E407F /* ec71648cc2f7384156c4f4e45914d2eda0866e */,
			);
			path = f9;
			sourceTree = "<group>";
		};
		CC9D92F01FF92177B2473635 /* 8c */ = {
			isa = PBXGroup;
			children = (
				35E55C0F843E3C76314E7B7E /* af75d9ded278e3a5e5cf3db2384c89bae45dcd */,
				4B9E82E1CD87F316427258BD /* b5b79d585c902a465a916c87f98ca9fd0b4d0c */,
			);
			path = 8c;
			sourceTree = "<group>";
		};
		CD75AD7AD928569B20066F64 /* af */ = {
			isa = PBXGroup;
			children = (
				364F376759DA993E2D68F154 /* 27895f1c02e490dcdcd43bb995ab5bc27076b3 */,
			);
			path = af;
			sourceTree = "<group>";
		};
		D02C8179111190A7BFED64EB /* 91 */ = {
			isa = PBXGroup;
			children = (
				A0A29BF5920D9CAC93F0AE67 /* 9434a6254f0e9651f402737811be6634a03e9c */,
				1D19376910540B8FF63A05A7 /* 46981f14013dbf40ac9ce3add0283838d9dd37 */,
				292EB174B02627417F5D6012 /* 820832848d9364d1380e17d3f3026a35e0a2e4 */,
			);
			path = 91;
			sourceTree = "<group>";
		};
		D1EEF8647438343D1D937141 /* 5e */ = {
			isa = PBXGroup;
			children = (
				E5EB857A7197CE3A107F3E07 /* 4f07f600a3338606d46c45b0979b273cec0afa */,
			);
			path = 5e;
			sourceTree = "<group>";
		};
		D2387F20507747A2A338D6E7 /* 75 */ = {
			isa = PBXGroup;
			children = (
				EBF4429356088BDB5BB8BA4F /* 94d0021ec5948d46df3a97189f796d72a72b9f */,
			);
			path = 75;
			sourceTree = "<group>";
		};
		D63E9A7BED4F65560FB58AC8 /* 21 */ = {
			isa = PBXGroup;
			children = (
				EA5649E420AC8C2A40718744 /* 7da37333846338472f2ac62cc4a5911e1d3fcd */,
			);
			path = 21;
			sourceTree = "<group>";
		};
		D84FC06AAC11C039448E29EC /* 07 */ = {
			isa = PBXGroup;
			children = (
				B68A3295B1290A517D08EDC5 /* 56432ca91a3ef7c8d6ff26714af480c7ce0f2e */,
			);
			path = 07;
			sourceTree = "<group>";
		};
		D8C1257CCE64DF928E35B004 /* 09 */ = {
			isa = PBXGroup;
			children = (
				6357FFD833C90F756A40EE4C /* f094405bf48c10853f2921ce1d41e4ce30faf0 */,
			);
			path = 09;
			sourceTree = "<group>";
		};
		DD50EA31ADA4391AB398D573 /* cc */ = {
			isa = PBXGroup;
			children = (
				AEE7227377863453AC05736D /* ffbc45d3920d4c01cb1f15f245c201424a2c3e */,
			);
			path = cc;
			sourceTree = "<group>";
		};
		E97A3CC661D63438B7C60F50 /* 03 */ = {
			isa = PBXGroup;
			children = (
				92A2982663FC385EE17E9231 /* b8a9a8cff4fd964278b338af564df266bca5ea */,
			);
			path = 03;
			sourceTree = "<group>";
		};
		E9D8A065BE01BF3E0C120602 /* c5 */ = {
			isa = PBXGroup;
			children = (
				4A7A12E62ACD96963C5B98B1 /* f953a5faf95a5a6cac2bbebab42a2180835879 */,
			);
			path = c5;
			sourceTree = "<group>";
		};
		EBC4FBB0FFEF9E70E300505A /* f3 */ = {
			isa = PBXGroup;
			children = (
				F961F0B98C89F990FBE9CFA4 /* 5d3ffb73e25dddb9fa3ba3612e35df0ecea56d */,
			);
			path = f3;
			sourceTree = "<group>";
		};
		EFC976FFB5CB13BB55CFD71C /* ab */ = {
			isa = PBXGroup;
			children = (
				330048C5A1CD6F5D52FB79ED /* 874dd565ada5161da14c95a14861ad9dffd661 */,
			);
			path = ab;
			sourceTree = "<group>";
		};
		F281C87C2DA8EB30A1242896 /* origin */ = {
			isa = PBXGroup;
			children = (
				2D98E047BCA927B0F864AB2C /* main */,
			);
			path = origin;
			sourceTree = "<group>";
		};
		F28B579A52A530D8DCF75C12 /* .git */ = {
			isa = PBXGroup;
			children = (
				4AE142F46334C4B6166F7826 /* AUTO_MERGE */,
				1548E0DD578B8638C8171F18 /* COMMIT_EDITMSG */,
				F51A5ADE8853980F293EB892 /* config */,
				B947BD2FD47DCBEB895B1CF5 /* description */,
				5EA9F32FC8B2E8769176946C /* FETCH_HEAD */,
				B3C7B891626F3A5FB4932278 /* HEAD */,
				9B78536B1FAFA53010E6F00F /* index */,
				6DAA8603AB749F37D76B8F8F /* hooks */,
				574B869C0B15D1403A4A5D8A /* info */,
				C23953DC800EC6EFDB3FEE14 /* logs */,
				AFC2D6D9460B0B527D485203 /* objects */,
				42C07647178320CEF9D50FD2 /* refs */,
			);
			path = .git;
			sourceTree = "<group>";
		};
		F2BFF160F4A5A29591B950B1 /* ed */ = {
			isa = PBXGroup;
			children = (
				A9D9732E10103B2D13CDD77B /* 0d54e9aab0c2dab6b2d0703a7fb4326ddafee0 */,
				0E02B9904532FE7F0CBD44F5 /* 8429ac9c71e3d53f9c6f9eba247af99a366a3d */,
			);
			path = ed;
			sourceTree = "<group>";
		};
		F309891D40C3236CB4E4F1D6 /* 27 */ = {
			isa = PBXGroup;
			children = (
				45B18B18E9BD30D771A0CC48 /* a4f38147b758af7516f19fb1fc593acc98f0f1 */,
			);
			path = 27;
			sourceTree = "<group>";
		};
		F40ED15A1657895931716967 /* e4 */ = {
			isa = PBXGroup;
			children = (
				68CC239AD95B5589552DBB21 /* 3c399a6607aadb30bb7567e38b77802f6ba331 */,
			);
			path = e4;
			sourceTree = "<group>";
		};
		F4A60774C766626C892645EE /* 69 */ = {
			isa = PBXGroup;
			children = (
				15586F132B4768A7C3EB005C /* 640f9def57493d96d81e3204bbc3ba5d3a0f26 */,
				F3C3DD0F706BD9245CFBF161 /* 22009e2537365c662c5085cf1b44d4fb48ed43 */,
			);
			path = 69;
			sourceTree = "<group>";
		};
		F553012CDAAB961578BA36F0 /* 99 */ = {
			isa = PBXGroup;
			children = (
				39D3882DA172FA02A32BE4C3 /* 4e66167f7aee9993a58d4049d070531bd0c4f3 */,
				E183157E7F7AA4E82F33544D /* d6d24abdc023c7c8a6c051f1b96a4859844622 */,
			);
			path = 99;
			sourceTree = "<group>";
		};
		F6B9E4886B7C45165A1E399B /* refs */ = {
			isa = PBXGroup;
			children = (
				3726EF1F6FB53C844632317A /* heads */,
				B51BD17C8FC7F7429A28BED1 /* remotes */,
			);
			path = refs;
			sourceTree = "<group>";
		};
		F9CA1B5DA511CE49B3A2457E /* 3d */ = {
			isa = PBXGroup;
			children = (
				C3AEF8B1A93B349599C37D42 /* 45f8bd17eb0380756430233bf6ee0bf570c477 */,
			);
			path = 3d;
			sourceTree = "<group>";
		};
		FA80AB4D7B0F4157AFC329C0 /* c9 */ = {
			isa = PBXGroup;
			children = (
				65AF7B00A9174A8CB7C6A075 /* bc6ef847e727964f372dedd66e0ebd81d47661 */,
			);
			path = c9;
			sourceTree = "<group>";
		};
		FE00225A695776B2C0F6E3CF /* 14 */ = {
			isa = PBXGroup;
			children = (
				AE4871B5FB74C30D77353314 /* 00d949c8e939118d65fbf46a6ed65b3f537187 */,
				06239BCCD8795301C7BCFD29 /* 4cbd873b42bdac22e401213fec0e9f99d260c5 */,
				76A84E54FA6F7471E5D7E058 /* 4effe02919540f51ba2d6eeff3f47d9d6d707c */,
				524D4E68F563BDB294EE08BF /* 64361927cf0d35f19647cf1759299784c6a309 */,
				5A5595FE342334B2B9265FDD /* fdb41020812647c6c9439290ff691e35828421 */,
			);
			path = 14;
			sourceTree = "<group>";
		};
		FE73A5450C290335813F00CB /* 11 */ = {
			isa = PBXGroup;
			children = (
				AEA8C0559122BA28FBA2EE8C /* 49876861e394d3b7ce7ebea15ce43cf4f31a58 */,
			);
			path = 11;
			sourceTree = "<group>";
		};
		FECB187AA6C082614899701A /* 0f */ = {
			isa = PBXGroup;
			children = (
				453F72F63BCD181847F9E921 /* 99f06a02e56fb788bde79d85e63d09a0147493 */,
			);
			path = 0f;
			sourceTree = "<group>";
		};
/* End PBXGroup section */

/* Begin PBXNativeTarget section */
		BED194980D56484BC288A866 /* TestApp */ = {
			isa = PBXNativeTarget;
			buildConfigurationList = 47A9012EDB4684A014A29EC4 /* Build configuration list for PBXNativeTarget "TestApp" */;
			buildPhases = (
				F8E9582A14D6D60C1727FDD4 /* Sources */,
				4E709BC17A880D20E0A6C284 /* Resources */,
			);
			buildRules = (
			);
			dependencies = (
			);
			name = TestApp;
			packageProductDependencies = (
			);
			productName = TestApp;
			productReference = 246DC4CD3FA60DFDA45B7132 /* TestApp.app */;
			productType = "com.apple.product-type.application";
		};
/* End PBXNativeTarget section */

/* Begin PBXProject section */
		5209D1649D65E2E4571D1A5E /* Project object */ = {
			isa = PBXProject;
			attributes = {
				BuildIndependentTargetsInParallel = YES;
				LastUpgradeCheck = 1430;
				TargetAttributes = {
					BED194980D56484BC288A866 = {
						ProvisioningStyle = Automatic;
					};
				};
			};
			buildConfigurationList = FC32794C41F64083434098C8 /* Build configuration list for PBXProject "TestApp" */;
			developmentRegion = en;
			hasScannedForEncodings = 0;
			knownRegions = (
				Base,
				en,
			);
			mainGroup = 1ED26426925A9C10B3DC859C;
			minimizedProjectReferenceProxies = 1;
			preferredProjectObjectVersion = 77;
			productRefGroup = 373576F027873391B8FAC423 /* Products */;
			projectDirPath = "";
			projectRoot = "";
			targets = (
				BED194980D56484BC288A866 /* TestApp */,
			);
		};
/* End PBXProject section */

/* Begin PBXResourcesBuildPhase section */
		4E709BC17A880D20E0A6C284 /* Resources */ = {
			isa = PBXResourcesBuildPhase;
			buildActionMask = 2147483647;
			files = (
				A54535B8EE5F87D43A4D19C5 /* Assets.xcassets in Resources */,
				B24D88B20552005C99F73FE2 /* applypatch-msg.sample in Resources */,
				713EA5D49C31185CE6B9CB28 /* commit-msg.sample in Resources */,
				A985722680CE898421F2D88C /* fsmonitor-watchman.sample in Resources */,
				E451352A34D3A0E005F78A9B /* post-update.sample in Resources */,
				D26E11E0AEE0FDF7F84F7AC0 /* pre-applypatch.sample in Resources */,
				7AB19CB2B4ADB23E072DC2C0 /* pre-commit.sample in Resources */,
				BCEF7D9C588FEA824A839D1C /* pre-merge-commit.sample in Resources */,
				7148791C3BE2C6116F93227D /* pre-push.sample in Resources */,
				D91F411CB612D3169299109C /* pre-rebase.sample in Resources */,
				6BC9DBCAC2608637D40D5CA4 /* pre-receive.sample in Resources */,
				58917D0588DBAB023C025D04 /* prepare-commit-msg.sample in Resources */,
				5C9662C7FACC283C441DA478 /* push-to-checkout.sample in Resources */,
				43C33C0F90103F47C24F4368 /* settings.local.json in Resources */,
				429D5A42DF0C988AD63B290E /* update.sample in Resources */,
			);
			runOnlyForDeploymentPostprocessing = 0;
		};
/* End PBXResourcesBuildPhase section */

/* Begin PBXSourcesBuildPhase section */
		F8E9582A14D6D60C1727FDD4 /* Sources */ = {
			isa = PBXSourcesBuildPhase;
			buildActionMask = 2147483647;
			files = (
				C81CC17A3E1348D819255AAB /* Category.swift in Sources */,
				437C089250855A48D0687E36 /* Components.swift in Sources */,
				B981450187912D8A635719E7 /* ContentView.swift in Sources */,
				41AE6A11931E43785D292C08 /* DailyExpensesView.swift in Sources */,
				68FFA261754619B9D23B50B9 /* FixedPaymentsView.swift in Sources */,
				2E3350480F361D05CA6E856C /* LoginView.swift in Sources */,
				0E1CDBADEDBE081A1F004BD0 /* Models.swift in Sources */,
				6878CB72F1240F2F9B75698B /* PlaceholderViews.swift in Sources */,
				A937D245EF629962365E3F8C /* SampleData.swift in Sources */,
				E61FE1B94810F35C63B5E6B8 /* SpeechRecognizer.swift in Sources */,
				F4B73EA20C3D3DD91EB8702C /* SummaryView.swift in Sources */,
				0C687A457A49CC64C9E3B0BF /* TestAppApp.swift in Sources */,
			);
			runOnlyForDeploymentPostprocessing = 0;
		};
/* End PBXSourcesBuildPhase section */

/* Begin XCBuildConfiguration section */
		0F79C3FBB78E97C4D44DA722 /* Release */ = {
			isa = XCBuildConfiguration;
			buildSettings = {
				ASSETCATALOG_COMPILER_APPICON_NAME = AppIcon;
				ASSETCATALOG_COMPILER_GLOBAL_ACCENT_COLOR_NAME = AccentColor;
				CODE_SIGN_IDENTITY = "iPhone Developer";
				CODE_SIGN_STYLE = Automatic;
				CURRENT_PROJECT_VERSION = 1;
				INFOPLIST_FILE = Info.plist;
				LD_RUNPATH_SEARCH_PATHS = (
					"$(inherited)",
					"@executable_path/Frameworks",
				);
				MARKETING_VERSION = 1.0;
				PRODUCT_BUNDLE_IDENTIFIER = com.soraycengiz.TestApp;
				SDKROOT = iphoneos;
				SWIFT_VERSION = 5.0;
				TARGETED_DEVICE_FAMILY = 1;
			};
			name = Release;
		};
		2EA48E7CB2DA558BACD67CDF /* Release */ = {
			isa = XCBuildConfiguration;
			buildSettings = {
				ALWAYS_SEARCH_USER_PATHS = NO;
				CLANG_ANALYZER_NONNULL = YES;
				CLANG_ANALYZER_NUMBER_OBJECT_CONVERSION = YES_AGGRESSIVE;
				CLANG_CXX_LANGUAGE_STANDARD = "gnu++14";
				CLANG_CXX_LIBRARY = "libc++";
				CLANG_ENABLE_MODULES = YES;
				CLANG_ENABLE_OBJC_ARC = YES;
				CLANG_ENABLE_OBJC_WEAK = YES;
				CLANG_WARN_BLOCK_CAPTURE_AUTORELEASING = YES;
				CLANG_WARN_BOOL_CONVERSION = YES;
				CLANG_WARN_COMMA = YES;
				CLANG_WARN_CONSTANT_CONVERSION = YES;
				CLANG_WARN_DEPRECATED_OBJC_IMPLEMENTATIONS = YES;
				CLANG_WARN_DIRECT_OBJC_ISA_USAGE = YES_ERROR;
				CLANG_WARN_DOCUMENTATION_COMMENTS = YES;
				CLANG_WARN_EMPTY_BODY = YES;
				CLANG_WARN_ENUM_CONVERSION = YES;
				CLANG_WARN_INFINITE_RECURSION = YES;
				CLANG_WARN_INT_CONVERSION = YES;
				CLANG_WARN_NON_LITERAL_NULL_CONVERSION = YES;
				CLANG_WARN_OBJC_IMPLICIT_RETAIN_SELF = YES;
				CLANG_WARN_OBJC_LITERAL_CONVERSION = YES;
				CLANG_WARN_OBJC_ROOT_CLASS = YES_ERROR;
				CLANG_WARN_QUOTED_INCLUDE_IN_FRAMEWORK_HEADER = YES;
				CLANG_WARN_RANGE_LOOP_ANALYSIS = YES;
				CLANG_WARN_STRICT_PROTOTYPES = YES;
				CLANG_WARN_SUSPICIOUS_MOVE = YES;
				CLANG_WARN_UNGUARDED_AVAILABILITY = YES_AGGRESSIVE;
				CLANG_WARN_UNREACHABLE_CODE = YES;
				CLANG_WARN__DUPLICATE_METHOD_MATCH = YES;
				COPY_PHASE_STRIP = NO;
				DEBUG_INFORMATION_FORMAT = "dwarf-with-dsym";
				ENABLE_NS_ASSERTIONS = NO;
				ENABLE_STRICT_OBJC_MSGSEND = YES;
				GCC_C_LANGUAGE_STANDARD = gnu11;
				GCC_NO_COMMON_BLOCKS = YES;
				GCC_WARN_64_TO_32_BIT_CONVERSION = YES;
				GCC_WARN_ABOUT_RETURN_TYPE = YES_ERROR;
				GCC_WARN_UNDECLARED_SELECTOR = YES;
				GCC_WARN_UNINITIALIZED_AUTOS = YES_AGGRESSIVE;
				GCC_WARN_UNUSED_FUNCTION = YES;
				GCC_WARN_UNUSED_VARIABLE = YES;
				IPHONEOS_DEPLOYMENT_TARGET = 17.0;
				MTL_ENABLE_DEBUG_INFO = NO;
				MTL_FAST_MATH = YES;
				PRODUCT_NAME = "$(TARGET_NAME)";
				SDKROOT = iphoneos;
				SWIFT_COMPILATION_MODE = wholemodule;
				SWIFT_OPTIMIZATION_LEVEL = "-O";
				SWIFT_VERSION = 5.0;
			};
			name = Release;
		};
		659551D26C0576CE08516625 /* Debug */ = {
			isa = XCBuildConfiguration;
			buildSettings = {
				ASSETCATALOG_COMPILER_APPICON_NAME = AppIcon;
				ASSETCATALOG_COMPILER_GLOBAL_ACCENT_COLOR_NAME = AccentColor;
				CODE_SIGN_IDENTITY = "iPhone Developer";
				CODE_SIGN_STYLE = Automatic;
				CURRENT_PROJECT_VERSION = 1;
				INFOPLIST_FILE = Info.plist;
				LD_RUNPATH_SEARCH_PATHS = (
					"$(inherited)",
					"@executable_path/Frameworks",
				);
				MARKETING_VERSION = 1.0;
				PRODUCT_BUNDLE_IDENTIFIER = com.soraycengiz.TestApp;
				SDKROOT = iphoneos;
				SWIFT_VERSION = 5.0;
				TARGETED_DEVICE_FAMILY = 1;
			};
			name = Debug;
		};
		F0CF92268772E70E8650A390 /* Debug */ = {
			isa = XCBuildConfiguration;
			buildSettings = {
				ALWAYS_SEARCH_USER_PATHS = NO;
				CLANG_ANALYZER_NONNULL = YES;
				CLANG_ANALYZER_NUMBER_OBJECT_CONVERSION = YES_AGGRESSIVE;
				CLANG_CXX_LANGUAGE_STANDARD = "gnu++14";
				CLANG_CXX_LIBRARY = "libc++";
				CLANG_ENABLE_MODULES = YES;
				CLANG_ENABLE_OBJC_ARC = YES;
				CLANG_ENABLE_OBJC_WEAK = YES;
				CLANG_WARN_BLOCK_CAPTURE_AUTORELEASING = YES;
				CLANG_WARN_BOOL_CONVERSION = YES;
				CLANG_WARN_COMMA = YES;
				CLANG_WARN_CONSTANT_CONVERSION = YES;
				CLANG_WARN_DEPRECATED_OBJC_IMPLEMENTATIONS = YES;
				CLANG_WARN_DIRECT_OBJC_ISA_USAGE = YES_ERROR;
				CLANG_WARN_DOCUMENTATION_COMMENTS = YES;
				CLANG_WARN_EMPTY_BODY = YES;
				CLANG_WARN_ENUM_CONVERSION = YES;
				CLANG_WARN_INFINITE_RECURSION = YES;
				CLANG_WARN_INT_CONVERSION = YES;
				CLANG_WARN_NON_LITERAL_NULL_CONVERSION = YES;
				CLANG_WARN_OBJC_IMPLICIT_RETAIN_SELF = YES;
				CLANG_WARN_OBJC_LITERAL_CONVERSION = YES;
				CLANG_WARN_OBJC_ROOT_CLASS = YES_ERROR;
				CLANG_WARN_QUOTED_INCLUDE_IN_FRAMEWORK_HEADER = YES;
				CLANG_WARN_RANGE_LOOP_ANALYSIS = YES;
				CLANG_WARN_STRICT_PROTOTYPES = YES;
				CLANG_WARN_SUSPICIOUS_MOVE = YES;
				CLANG_WARN_UNGUARDED_AVAILABILITY = YES_AGGRESSIVE;
				CLANG_WARN_UNREACHABLE_CODE = YES;
				CLANG_WARN__DUPLICATE_METHOD_MATCH = YES;
				COPY_PHASE_STRIP = NO;
				DEBUG_INFORMATION_FORMAT = dwarf;
				ENABLE_STRICT_OBJC_MSGSEND = YES;
				ENABLE_TESTABILITY = YES;
				GCC_C_LANGUAGE_STANDARD = gnu11;
				GCC_DYNAMIC_NO_PIC = NO;
				GCC_NO_COMMON_BLOCKS = YES;
				GCC_OPTIMIZATION_LEVEL = 0;
				GCC_PREPROCESSOR_DEFINITIONS = (
					"$(inherited)",
					"DEBUG=1",
				);
				GCC_WARN_64_TO_32_BIT_CONVERSION = YES;
				GCC_WARN_ABOUT_RETURN_TYPE = YES_ERROR;
				GCC_WARN_UNDECLARED_SELECTOR = YES;
				GCC_WARN_UNINITIALIZED_AUTOS = YES_AGGRESSIVE;
				GCC_WARN_UNUSED_FUNCTION = YES;
				GCC_WARN_UNUSED_VARIABLE = YES;
				IPHONEOS_DEPLOYMENT_TARGET = 17.0;
				MTL_ENABLE_DEBUG_INFO = INCLUDE_SOURCE;
				MTL_FAST_MATH = YES;
				ONLY_ACTIVE_ARCH = YES;
				PRODUCT_NAME = "$(TARGET_NAME)";
				SDKROOT = iphoneos;
				SWIFT_ACTIVE_COMPILATION_CONDITIONS = DEBUG;
				SWIFT_OPTIMIZATION_LEVEL = "-Onone";
				SWIFT_VERSION = 5.0;
			};
			name = Debug;
		};
/* End XCBuildConfiguration section */

/* Begin XCConfigurationList section */
		47A9012EDB4684A014A29EC4 /* Build configuration list for PBXNativeTarget "TestApp" */ = {
			isa = XCConfigurationList;
			buildConfigurations = (
				659551D26C0576CE08516625 /* Debug */,
				0F79C3FBB78E97C4D44DA722 /* Release */,
			);
			defaultConfigurationIsVisible = 0;
			defaultConfigurationName = Debug;
		};
		FC32794C41F64083434098C8 /* Build configuration list for PBXProject "TestApp" */ = {
			isa = XCConfigurationList;
			buildConfigurations = (
				F0CF92268772E70E8650A390 /* Debug */,
				2EA48E7CB2DA558BACD67CDF /* Release */,
			);
			defaultConfigurationIsVisible = 0;
			defaultConfigurationName = Debug;
		};
/* End XCConfigurationList section */
	};
	rootObject = 5209D1649D65E2E4571D1A5E /* Project object */;
}
